
Microsoft Visual Studio Solution File, Format Version 12.00
# Visual Studio Version 17
VisualStudioVersion = 17.8.34322.80
MinimumVisualStudioVersion = 10.0.40219.1
Project("{9A19103F-16F7-4668-BE54-9A1E7A4F7556}") = "GenCode", "GenCode\GenCode.csproj", "{EC773860-6E3E-4016-9B2E-AF1C57CAD2F5}"
EndProject
Project("{FAE04EC0-301F-11D3-BF4B-00C04F79EFBC}") = "GenCode.Tests", "GenCode.Tests\GenCode.Tests.csproj", "{67AC3F59-7065-42D0-82DB-EEF126A8B174}"
EndProject
Global
	GlobalSection(SolutionConfigurationPlatforms) = preSolution
		Debug|Any CPU = Debug|Any CPU
		Release|Any CPU = Release|Any CPU
	EndGlobalSection
	GlobalSection(ProjectConfigurationPlatforms) = postSolution
		{EC773860-6E3E-4016-9B2E-AF1C57CAD2F5}.Debug|Any CPU.ActiveCfg = Debug|Any CPU
		{EC773860-6E3E-4016-9B2E-AF1C57CAD2F5}.Debug|Any CPU.Build.0 = Debug|Any CPU
		{EC773860-6E3E-4016-9B2E-AF1C57CAD2F5}.Release|Any CPU.ActiveCfg = Release|Any CPU
		{EC773860-6E3E-4016-9B2E-AF1C57CAD2F5}.Release|Any CPU.Build.0 = Release|Any CPU
		{67AC3F59-7065-42D0-82DB-EEF126A8B174}.Debug|Any CPU.ActiveCfg = Debug|Any CPU
		{67AC3F59-7065-42D0-82DB-EEF126A8B174}.Debug|Any CPU.Build.0 = Debug|Any CPU
		{67AC3F59-7065-42D0-82DB-EEF126A8B174}.Release|Any CPU.ActiveCfg = Release|Any CPU
		{67AC3F59-7065-42D0-82DB-EEF126A8B174}.Release|Any CPU.Build.0 = Release|Any CPU
	EndGlobalSection
	GlobalSection(SolutionProperties) = preSolution
		HideSolutionNode = FALSE
	EndGlobalSection
	GlobalSection(ExtensibilityGlobals) = postSolution
		SolutionGuid = {0CD2DB54-63CB-4050-B825-76F8ECC68856}
	EndGlobalSection
EndGlobal
